
Microsoft Visual Studio Solution File, Format Version 12.00
# Visual Studio Version 17
VisualStudioVersion = 17.1.32421.90
MinimumVisualStudioVersion = 10.0.40219.1
Project("{9A19103F-16F7-4668-BE54-9A1E7A4F7556}") = "ReactingRecept", "ReactingRecept\ReactingRecept.csproj", "{63520125-B8C1-4929-9634-AE90457DC81F}"
EndProject
Project("{9A19103F-16F7-4668-BE54-9A1E7A4F7556}") = "ReactingRecept.Domain.DomainTests", "ReactingRecept.Domain.Tests\ReactingRecept.Domain.DomainTests.csproj", "{91858AAB-76C8-43B1-9665-223DA11C2FC5}"
EndProject
Project("{9A19103F-16F7-4668-BE54-9A1E7A4F7556}") = "ReactingRecept.Domain", "ReactingRecept.Domain\ReactingRecept.Domain.csproj", "{29BCD7FB-E63B-4D76-879C-1CEF13B17D47}"
EndProject
Project("{9A19103F-16F7-4668-BE54-9A1E7A4F7556}") = "ReactingRecept.Persistence.IntegrationTests", "ReactingRecept.Domain.IntegrationTests\ReactingRecept.Persistence.IntegrationTests.csproj", "{9F43CE62-5A31-4E60-85BE-420AA39A6A7E}"
EndProject
Project("{2150E333-8FDC-42A3-9474-1A3956D46DE8}") = "Tests", "Tests", "{BFCFB4C8-5F74-40CB-957B-5D68EBFEC5CE}"
EndProject
Project("{9A19103F-16F7-4668-BE54-9A1E7A4F7556}") = "ReactingRecept.Application", "ReactingRecept.Application\ReactingRecept.Application.csproj", "{A1231413-4062-4714-A39C-F246CFCE9F4B}"
	ProjectSection(ProjectDependencies) = postProject
		{29BCD7FB-E63B-4D76-879C-1CEF13B17D47} = {29BCD7FB-E63B-4D76-879C-1CEF13B17D47}
	EndProjectSection
EndProject
Project("{9A19103F-16F7-4668-BE54-9A1E7A4F7556}") = "ReactingRecept.Persistence", "ReactingRecept.Persistence\ReactingRecept.Persistence.csproj", "{656DDF65-4EB6-48BD-B296-2A632D6424B0}"
EndProject
Project("{FAE04EC0-301F-11D3-BF4B-00C04F79EFBC}") = "ReactingRecept.Shared", "ReactingRecept.Shared\ReactingRecept.Shared.csproj", "{8F33FBD7-A4CD-4DCD-A9D9-51B643E6CE14}"
EndProject
Global
	GlobalSection(SolutionConfigurationPlatforms) = preSolution
		Debug|Any CPU = Debug|Any CPU
		Release|Any CPU = Release|Any CPU
	EndGlobalSection
	GlobalSection(ProjectConfigurationPlatforms) = postSolution
		{63520125-B8C1-4929-9634-AE90457DC81F}.Debug|Any CPU.ActiveCfg = Debug|Any CPU
		{63520125-B8C1-4929-9634-AE90457DC81F}.Debug|Any CPU.Build.0 = Debug|Any CPU
		{63520125-B8C1-4929-9634-AE90457DC81F}.Release|Any CPU.ActiveCfg = Release|Any CPU
		{63520125-B8C1-4929-9634-AE90457DC81F}.Release|Any CPU.Build.0 = Release|Any CPU
		{91858AAB-76C8-43B1-9665-223DA11C2FC5}.Debug|Any CPU.ActiveCfg = Debug|Any CPU
		{91858AAB-76C8-43B1-9665-223DA11C2FC5}.Debug|Any CPU.Build.0 = Debug|Any CPU
		{91858AAB-76C8-43B1-9665-223DA11C2FC5}.Release|Any CPU.ActiveCfg = Release|Any CPU
		{91858AAB-76C8-43B1-9665-223DA11C2FC5}.Release|Any CPU.Build.0 = Release|Any CPU
		{29BCD7FB-E63B-4D76-879C-1CEF13B17D47}.Debug|Any CPU.ActiveCfg = Debug|Any CPU
		{29BCD7FB-E63B-4D76-879C-1CEF13B17D47}.Debug|Any CPU.Build.0 = Debug|Any CPU
		{29BCD7FB-E63B-4D76-879C-1CEF13B17D47}.Release|Any CPU.ActiveCfg = Release|Any CPU
		{29BCD7FB-E63B-4D76-879C-1CEF13B17D47}.Release|Any CPU.Build.0 = Release|Any CPU
		{9F43CE62-5A31-4E60-85BE-420AA39A6A7E}.Debug|Any CPU.ActiveCfg = Debug|Any CPU
		{9F43CE62-5A31-4E60-85BE-420AA39A6A7E}.Debug|Any CPU.Build.0 = Debug|Any CPU
		{9F43CE62-5A31-4E60-85BE-420AA39A6A7E}.Release|Any CPU.ActiveCfg = Release|Any CPU
		{9F43CE62-5A31-4E60-85BE-420AA39A6A7E}.Release|Any CPU.Build.0 = Release|Any CPU
		{A1231413-4062-4714-A39C-F246CFCE9F4B}.Debug|Any CPU.ActiveCfg = Debug|Any CPU
		{A1231413-4062-4714-A39C-F246CFCE9F4B}.Debug|Any CPU.Build.0 = Debug|Any CPU
		{A1231413-4062-4714-A39C-F246CFCE9F4B}.Release|Any CPU.ActiveCfg = Release|Any CPU
		{A1231413-4062-4714-A39C-F246CFCE9F4B}.Release|Any CPU.Build.0 = Release|Any CPU
		{656DDF65-4EB6-48BD-B296-2A632D6424B0}.Debug|Any CPU.ActiveCfg = Debug|Any CPU
		{656DDF65-4EB6-48BD-B296-2A632D6424B0}.Debug|Any CPU.Build.0 = Debug|Any CPU
		{656DDF65-4EB6-48BD-B296-2A632D6424B0}.Release|Any CPU.ActiveCfg = Release|Any CPU
		{656DDF65-4EB6-48BD-B296-2A632D6424B0}.Release|Any CPU.Build.0 = Release|Any CPU
		{8F33FBD7-A4CD-4DCD-A9D9-51B643E6CE14}.Debug|Any CPU.ActiveCfg = Debug|Any CPU
		{8F33FBD7-A4CD-4DCD-A9D9-51B643E6CE14}.Debug|Any CPU.Build.0 = Debug|Any CPU
		{8F33FBD7-A4CD-4DCD-A9D9-51B643E6CE14}.Release|Any CPU.ActiveCfg = Release|Any CPU
		{8F33FBD7-A4CD-4DCD-A9D9-51B643E6CE14}.Release|Any CPU.Build.0 = Release|Any CPU
	EndGlobalSection
	GlobalSection(SolutionProperties) = preSolution
		HideSolutionNode = FALSE
	EndGlobalSection
	GlobalSection(NestedProjects) = preSolution
		{91858AAB-76C8-43B1-9665-223DA11C2FC5} = {BFCFB4C8-5F74-40CB-957B-5D68EBFEC5CE}
		{9F43CE62-5A31-4E60-85BE-420AA39A6A7E} = {BFCFB4C8-5F74-40CB-957B-5D68EBFEC5CE}
	EndGlobalSection
	GlobalSection(ExtensibilityGlobals) = postSolution
		SolutionGuid = {99D37C44-0A44-409A-88D5-C81647FE4BE8}
	EndGlobalSection
EndGlobal
